
Microsoft Visual Studio Solution File, Format Version 12.00
# Visual Studio Version 17
VisualStudioVersion = 17.5.002.0
MinimumVisualStudioVersion = 10.0.40219.1
Project("{9A19103F-16F7-4668-BE54-9A1E7A4F7556}") = "RYAN", "RYAN.csproj", "{1A6E989A-8691-4C28-8A17-43665F335CFF}"
EndProject
Global
	GlobalSection(SolutionConfigurationPlatforms) = preSolution
		Debug|Any CPU = Debug|Any CPU
		Release|Any CPU = Release|Any CPU
	EndGlobalSection
	GlobalSection(ProjectConfigurationPlatforms) = postSolution
		{1A6E989A-8691-4C28-8A17-43665F335CFF}.Debug|Any CPU.ActiveCfg = Debug|Any CPU
		{1A6E989A-8691-4C28-8A17-43665F335CFF}.Debug|Any CPU.Build.0 = Debug|Any CPU
		{1A6E989A-8691-4C28-8A17-43665F335CFF}.Release|Any CPU.ActiveCfg = Release|Any CPU
		{1A6E989A-8691-4C28-8A17-43665F335CFF}.Release|Any CPU.Build.0 = Release|Any CPU
	EndGlobalSection
	GlobalSection(SolutionProperties) = preSolution
		HideSolutionNode = FALSE
	EndGlobalSection
	GlobalSection(ExtensibilityGlobals) = postSolution
		SolutionGuid = {E2C225B7-7C12-477D-BE2C-967DC97E78FA}
	EndGlobalSection
EndGlobal
